
Microsoft Visual Studio Solution File, Format Version 12.00
# Visual Studio 15
VisualStudioVersion = 15.0.26124.0
MinimumVisualStudioVersion = 15.0.26124.0
Project("{2150E333-8FDC-42A3-9474-1A3956D46DE8}") = "nugets", "nugets", "{6BCC645D-5883-489B-9ADE-7B5BDC81FE2F}"
EndProject
Project("{FAE04EC0-301F-11D3-BF4B-00C04F79EFBC}") = "Apps.DependencyInjection", "Apps.DependencyInjection\Apps.DependencyInjection.csproj", "{E8ED2B9D-DD59-4D7A-971C-2C859D8E8F05}"
EndProject
Project("{2150E333-8FDC-42A3-9474-1A3956D46DE8}") = "Tests", "Tests", "{3DF51B75-4B62-4E01-9D44-5DD8C132776E}"
EndProject
Project("{FAE04EC0-301F-11D3-BF4B-00C04F79EFBC}") = "TestApps.Android", "TestApps\TestApps.Android\TestApps.Android.csproj", "{4DC3AFB2-4A6D-4040-824E-089259143FCF}"
EndProject
Project("{FAE04EC0-301F-11D3-BF4B-00C04F79EFBC}") = "TestApps.iOS", "TestApps\TestApps.iOS\TestApps.iOS.csproj", "{DD410443-1326-4FC7-8853-0383FAC246C2}"
EndProject
Project("{FAE04EC0-301F-11D3-BF4B-00C04F79EFBC}") = "TestApps.UWP", "TestApps\TestApps.UWP\TestApps.UWP.csproj", "{F30598EB-49E1-4DB4-AA6A-15C142B79EC2}"
EndProject
Project("{FAE04EC0-301F-11D3-BF4B-00C04F79EFBC}") = "TestApps", "TestApps\TestApps\TestApps.csproj", "{CB453552-8607-4BF4-A8F7-B8626D755912}"
EndProject
Project("{2150E333-8FDC-42A3-9474-1A3956D46DE8}") = "Testing Apps", "Testing Apps", "{B953F59E-5E83-4BEA-B948-02993E06CFA2}"
EndProject
Project("{FAE04EC0-301F-11D3-BF4B-00C04F79EFBC}") = "Xamarin.Forms.DependencyInjection", "Xamarin.Forms.DependencyInjection\Xamarin.Forms.DependencyInjection.csproj", "{82CCF63B-BA22-4F8E-ABD1-8D16ED670A3F}"
EndProject
Global
	GlobalSection(SolutionConfigurationPlatforms) = preSolution
		Ad-Hoc|Any CPU = Ad-Hoc|Any CPU
		Ad-Hoc|ARM = Ad-Hoc|ARM
		Ad-Hoc|iPhone = Ad-Hoc|iPhone
		Ad-Hoc|iPhoneSimulator = Ad-Hoc|iPhoneSimulator
		Ad-Hoc|x64 = Ad-Hoc|x64
		Ad-Hoc|x86 = Ad-Hoc|x86
		AppStore|Any CPU = AppStore|Any CPU
		AppStore|ARM = AppStore|ARM
		AppStore|iPhone = AppStore|iPhone
		AppStore|iPhoneSimulator = AppStore|iPhoneSimulator
		AppStore|x64 = AppStore|x64
		AppStore|x86 = AppStore|x86
		Debug|Any CPU = Debug|Any CPU
		Debug|ARM = Debug|ARM
		Debug|iPhone = Debug|iPhone
		Debug|iPhoneSimulator = Debug|iPhoneSimulator
		Debug|x64 = Debug|x64
		Debug|x86 = Debug|x86
		Release|Any CPU = Release|Any CPU
		Release|ARM = Release|ARM
		Release|iPhone = Release|iPhone
		Release|iPhoneSimulator = Release|iPhoneSimulator
		Release|x64 = Release|x64
		Release|x86 = Release|x86
	EndGlobalSection
	GlobalSection(ProjectConfigurationPlatforms) = postSolution
		{E8ED2B9D-DD59-4D7A-971C-2C859D8E8F05}.Ad-Hoc|Any CPU.ActiveCfg = Debug|Any CPU
		{E8ED2B9D-DD59-4D7A-971C-2C859D8E8F05}.Ad-Hoc|Any CPU.Build.0 = Debug|Any CPU
		{E8ED2B9D-DD59-4D7A-971C-2C859D8E8F05}.Ad-Hoc|ARM.ActiveCfg = Debug|Any CPU
		{E8ED2B9D-DD59-4D7A-971C-2C859D8E8F05}.Ad-Hoc|ARM.Build.0 = Debug|Any CPU
		{E8ED2B9D-DD59-4D7A-971C-2C859D8E8F05}.Ad-Hoc|iPhone.ActiveCfg = Debug|Any CPU
		{E8ED2B9D-DD59-4D7A-971C-2C859D8E8F05}.Ad-Hoc|iPhone.Build.0 = Debug|Any CPU
		{E8ED2B9D-DD59-4D7A-971C-2C859D8E8F05}.Ad-Hoc|iPhoneSimulator.ActiveCfg = Debug|Any CPU
		{E8ED2B9D-DD59-4D7A-971C-2C859D8E8F05}.Ad-Hoc|iPhoneSimulator.Build.0 = Debug|Any CPU
		{E8ED2B9D-DD59-4D7A-971C-2C859D8E8F05}.Ad-Hoc|x64.ActiveCfg = Debug|Any CPU
		{E8ED2B9D-DD59-4D7A-971C-2C859D8E8F05}.Ad-Hoc|x64.Build.0 = Debug|Any CPU
		{E8ED2B9D-DD59-4D7A-971C-2C859D8E8F05}.Ad-Hoc|x86.ActiveCfg = Debug|Any CPU
		{E8ED2B9D-DD59-4D7A-971C-2C859D8E8F05}.Ad-Hoc|x86.Build.0 = Debug|Any CPU
		{E8ED2B9D-DD59-4D7A-971C-2C859D8E8F05}.AppStore|Any CPU.ActiveCfg = Debug|Any CPU
		{E8ED2B9D-DD59-4D7A-971C-2C859D8E8F05}.AppStore|Any CPU.Build.0 = Debug|Any CPU
		{E8ED2B9D-DD59-4D7A-971C-2C859D8E8F05}.AppStore|ARM.ActiveCfg = Debug|Any CPU
		{E8ED2B9D-DD59-4D7A-971C-2C859D8E8F05}.AppStore|ARM.Build.0 = Debug|Any CPU
		{E8ED2B9D-DD59-4D7A-971C-2C859D8E8F05}.AppStore|iPhone.ActiveCfg = Debug|Any CPU
		{E8ED2B9D-DD59-4D7A-971C-2C859D8E8F05}.AppStore|iPhone.Build.0 = Debug|Any CPU
		{E8ED2B9D-DD59-4D7A-971C-2C859D8E8F05}.AppStore|iPhoneSimulator.ActiveCfg = Debug|Any CPU
		{E8ED2B9D-DD59-4D7A-971C-2C859D8E8F05}.AppStore|iPhoneSimulator.Build.0 = Debug|Any CPU
		{E8ED2B9D-DD59-4D7A-971C-2C859D8E8F05}.AppStore|x64.ActiveCfg = Debug|Any CPU
		{E8ED2B9D-DD59-4D7A-971C-2C859D8E8F05}.AppStore|x64.Build.0 = Debug|Any CPU
		{E8ED2B9D-DD59-4D7A-971C-2C859D8E8F05}.AppStore|x86.ActiveCfg = Debug|Any CPU
		{E8ED2B9D-DD59-4D7A-971C-2C859D8E8F05}.AppStore|x86.Build.0 = Debug|Any CPU
		{E8ED2B9D-DD59-4D7A-971C-2C859D8E8F05}.Debug|Any CPU.ActiveCfg = Debug|Any CPU
		{E8ED2B9D-DD59-4D7A-971C-2C859D8E8F05}.Debug|Any CPU.Build.0 = Debug|Any CPU
		{E8ED2B9D-DD59-4D7A-971C-2C859D8E8F05}.Debug|ARM.ActiveCfg = Debug|Any CPU
		{E8ED2B9D-DD59-4D7A-971C-2C859D8E8F05}.Debug|ARM.Build.0 = Debug|Any CPU
		{E8ED2B9D-DD59-4D7A-971C-2C859D8E8F05}.Debug|iPhone.ActiveCfg = Debug|Any CPU
		{E8ED2B9D-DD59-4D7A-971C-2C859D8E8F05}.Debug|iPhone.Build.0 = Debug|Any CPU
		{E8ED2B9D-DD59-4D7A-971C-2C859D8E8F05}.Debug|iPhoneSimulator.ActiveCfg = Debug|Any CPU
		{E8ED2B9D-DD59-4D7A-971C-2C859D8E8F05}.Debug|iPhoneSimulator.Build.0 = Debug|Any CPU
		{E8ED2B9D-DD59-4D7A-971C-2C859D8E8F05}.Debug|x64.ActiveCfg = Debug|Any CPU
		{E8ED2B9D-DD59-4D7A-971C-2C859D8E8F05}.Debug|x64.Build.0 = Debug|Any CPU
		{E8ED2B9D-DD59-4D7A-971C-2C859D8E8F05}.Debug|x86.ActiveCfg = Debug|Any CPU
		{E8ED2B9D-DD59-4D7A-971C-2C859D8E8F05}.Debug|x86.Build.0 = Debug|Any CPU
		{E8ED2B9D-DD59-4D7A-971C-2C859D8E8F05}.Release|Any CPU.ActiveCfg = Release|Any CPU
		{E8ED2B9D-DD59-4D7A-971C-2C859D8E8F05}.Release|Any CPU.Build.0 = Release|Any CPU
		{E8ED2B9D-DD59-4D7A-971C-2C859D8E8F05}.Release|ARM.ActiveCfg = Release|Any CPU
		{E8ED2B9D-DD59-4D7A-971C-2C859D8E8F05}.Release|ARM.Build.0 = Release|Any CPU
		{E8ED2B9D-DD59-4D7A-971C-2C859D8E8F05}.Release|iPhone.ActiveCfg = Release|Any CPU
		{E8ED2B9D-DD59-4D7A-971C-2C859D8E8F05}.Release|iPhone.Build.0 = Release|Any CPU
		{E8ED2B9D-DD59-4D7A-971C-2C859D8E8F05}.Release|iPhoneSimulator.ActiveCfg = Release|Any CPU
		{E8ED2B9D-DD59-4D7A-971C-2C859D8E8F05}.Release|iPhoneSimulator.Build.0 = Release|Any CPU
		{E8ED2B9D-DD59-4D7A-971C-2C859D8E8F05}.Release|x64.ActiveCfg = Release|Any CPU
		{E8ED2B9D-DD59-4D7A-971C-2C859D8E8F05}.Release|x64.Build.0 = Release|Any CPU
		{E8ED2B9D-DD59-4D7A-971C-2C859D8E8F05}.Release|x86.ActiveCfg = Release|Any CPU
		{E8ED2B9D-DD59-4D7A-971C-2C859D8E8F05}.Release|x86.Build.0 = Release|Any CPU
		{4DC3AFB2-4A6D-4040-824E-089259143FCF}.Ad-Hoc|Any CPU.ActiveCfg = Release|Any CPU
		{4DC3AFB2-4A6D-4040-824E-089259143FCF}.Ad-Hoc|Any CPU.Build.0 = Release|Any CPU
		{4DC3AFB2-4A6D-4040-824E-089259143FCF}.Ad-Hoc|Any CPU.Deploy.0 = Release|Any CPU
		{4DC3AFB2-4A6D-4040-824E-089259143FCF}.Ad-Hoc|ARM.ActiveCfg = Release|Any CPU
		{4DC3AFB2-4A6D-4040-824E-089259143FCF}.Ad-Hoc|ARM.Build.0 = Release|Any CPU
		{4DC3AFB2-4A6D-4040-824E-089259143FCF}.Ad-Hoc|ARM.Deploy.0 = Release|Any CPU
		{4DC3AFB2-4A6D-4040-824E-089259143FCF}.Ad-Hoc|iPhone.ActiveCfg = Release|Any CPU
		{4DC3AFB2-4A6D-4040-824E-089259143FCF}.Ad-Hoc|iPhone.Build.0 = Release|Any CPU
		{4DC3AFB2-4A6D-4040-824E-089259143FCF}.Ad-Hoc|iPhone.Deploy.0 = Release|Any CPU
		{4DC3AFB2-4A6D-4040-824E-089259143FCF}.Ad-Hoc|iPhoneSimulator.ActiveCfg = Release|Any CPU
		{4DC3AFB2-4A6D-4040-824E-089259143FCF}.Ad-Hoc|iPhoneSimulator.Build.0 = Release|Any CPU
		{4DC3AFB2-4A6D-4040-824E-089259143FCF}.Ad-Hoc|iPhoneSimulator.Deploy.0 = Release|Any CPU
		{4DC3AFB2-4A6D-4040-824E-089259143FCF}.Ad-Hoc|x64.ActiveCfg = Release|Any CPU
		{4DC3AFB2-4A6D-4040-824E-089259143FCF}.Ad-Hoc|x64.Build.0 = Release|Any CPU
		{4DC3AFB2-4A6D-4040-824E-089259143FCF}.Ad-Hoc|x64.Deploy.0 = Release|Any CPU
		{4DC3AFB2-4A6D-4040-824E-089259143FCF}.Ad-Hoc|x86.ActiveCfg = Release|Any CPU
		{4DC3AFB2-4A6D-4040-824E-089259143FCF}.Ad-Hoc|x86.Build.0 = Release|Any CPU
		{4DC3AFB2-4A6D-4040-824E-089259143FCF}.Ad-Hoc|x86.Deploy.0 = Release|Any CPU
		{4DC3AFB2-4A6D-4040-824E-089259143FCF}.AppStore|Any CPU.ActiveCfg = Release|Any CPU
		{4DC3AFB2-4A6D-4040-824E-089259143FCF}.AppStore|Any CPU.Build.0 = Release|Any CPU
		{4DC3AFB2-4A6D-4040-824E-089259143FCF}.AppStore|Any CPU.Deploy.0 = Release|Any CPU
		{4DC3AFB2-4A6D-4040-824E-089259143FCF}.AppStore|ARM.ActiveCfg = Release|Any CPU
		{4DC3AFB2-4A6D-4040-824E-089259143FCF}.AppStore|ARM.Build.0 = Release|Any CPU
		{4DC3AFB2-4A6D-4040-824E-089259143FCF}.AppStore|ARM.Deploy.0 = Release|Any CPU
		{4DC3AFB2-4A6D-4040-824E-089259143FCF}.AppStore|iPhone.ActiveCfg = Release|Any CPU
		{4DC3AFB2-4A6D-4040-824E-089259143FCF}.AppStore|iPhone.Build.0 = Release|Any CPU
		{4DC3AFB2-4A6D-4040-824E-089259143FCF}.AppStore|iPhone.Deploy.0 = Release|Any CPU
		{4DC3AFB2-4A6D-4040-824E-089259143FCF}.AppStore|iPhoneSimulator.ActiveCfg = Release|Any CPU
		{4DC3AFB2-4A6D-4040-824E-089259143FCF}.AppStore|iPhoneSimulator.Build.0 = Release|Any CPU
		{4DC3AFB2-4A6D-4040-824E-089259143FCF}.AppStore|iPhoneSimulator.Deploy.0 = Release|Any CPU
		{4DC3AFB2-4A6D-4040-824E-089259143FCF}.AppStore|x64.ActiveCfg = Release|Any CPU
		{4DC3AFB2-4A6D-4040-824E-089259143FCF}.AppStore|x64.Build.0 = Release|Any CPU
		{4DC3AFB2-4A6D-4040-824E-089259143FCF}.AppStore|x64.Deploy.0 = Release|Any CPU
		{4DC3AFB2-4A6D-4040-824E-089259143FCF}.AppStore|x86.ActiveCfg = Release|Any CPU
		{4DC3AFB2-4A6D-4040-824E-089259143FCF}.AppStore|x86.Build.0 = Release|Any CPU
		{4DC3AFB2-4A6D-4040-824E-089259143FCF}.AppStore|x86.Deploy.0 = Release|Any CPU
		{4DC3AFB2-4A6D-4040-824E-089259143FCF}.Debug|Any CPU.ActiveCfg = Debug|Any CPU
		{4DC3AFB2-4A6D-4040-824E-089259143FCF}.Debug|Any CPU.Build.0 = Debug|Any CPU
		{4DC3AFB2-4A6D-4040-824E-089259143FCF}.Debug|Any CPU.Deploy.0 = Debug|Any CPU
		{4DC3AFB2-4A6D-4040-824E-089259143FCF}.Debug|ARM.ActiveCfg = Debug|Any CPU
		{4DC3AFB2-4A6D-4040-824E-089259143FCF}.Debug|ARM.Build.0 = Debug|Any CPU
		{4DC3AFB2-4A6D-4040-824E-089259143FCF}.Debug|ARM.Deploy.0 = Debug|Any CPU
		{4DC3AFB2-4A6D-4040-824E-089259143FCF}.Debug|iPhone.ActiveCfg = Debug|Any CPU
		{4DC3AFB2-4A6D-4040-824E-089259143FCF}.Debug|iPhone.Build.0 = Debug|Any CPU
		{4DC3AFB2-4A6D-4040-824E-089259143FCF}.Debug|iPhone.Deploy.0 = Debug|Any CPU
		{4DC3AFB2-4A6D-4040-824E-089259143FCF}.Debug|iPhoneSimulator.ActiveCfg = Debug|Any CPU
		{4DC3AFB2-4A6D-4040-824E-089259143FCF}.Debug|iPhoneSimulator.Build.0 = Debug|Any CPU
		{4DC3AFB2-4A6D-4040-824E-089259143FCF}.Debug|iPhoneSimulator.Deploy.0 = Debug|Any CPU
		{4DC3AFB2-4A6D-4040-824E-089259143FCF}.Debug|x64.ActiveCfg = Debug|Any CPU
		{4DC3AFB2-4A6D-4040-824E-089259143FCF}.Debug|x64.Build.0 = Debug|Any CPU
		{4DC3AFB2-4A6D-4040-824E-089259143FCF}.Debug|x64.Deploy.0 = Debug|Any CPU
		{4DC3AFB2-4A6D-4040-824E-089259143FCF}.Debug|x86.ActiveCfg = Debug|Any CPU
		{4DC3AFB2-4A6D-4040-824E-089259143FCF}.Debug|x86.Build.0 = Debug|Any CPU
		{4DC3AFB2-4A6D-4040-824E-089259143FCF}.Debug|x86.Deploy.0 = Debug|Any CPU
		{4DC3AFB2-4A6D-4040-824E-089259143FCF}.Release|Any CPU.ActiveCfg = Release|Any CPU
		{4DC3AFB2-4A6D-4040-824E-089259143FCF}.Release|Any CPU.Build.0 = Release|Any CPU
		{4DC3AFB2-4A6D-4040-824E-089259143FCF}.Release|Any CPU.Deploy.0 = Release|Any CPU
		{4DC3AFB2-4A6D-4040-824E-089259143FCF}.Release|ARM.ActiveCfg = Release|Any CPU
		{4DC3AFB2-4A6D-4040-824E-089259143FCF}.Release|ARM.Build.0 = Release|Any CPU
		{4DC3AFB2-4A6D-4040-824E-089259143FCF}.Release|ARM.Deploy.0 = Release|Any CPU
		{4DC3AFB2-4A6D-4040-824E-089259143FCF}.Release|iPhone.ActiveCfg = Release|Any CPU
		{4DC3AFB2-4A6D-4040-824E-089259143FCF}.Release|iPhone.Build.0 = Release|Any CPU
		{4DC3AFB2-4A6D-4040-824E-089259143FCF}.Release|iPhone.Deploy.0 = Release|Any CPU
		{4DC3AFB2-4A6D-4040-824E-089259143FCF}.Release|iPhoneSimulator.ActiveCfg = Release|Any CPU
		{4DC3AFB2-4A6D-4040-824E-089259143FCF}.Release|iPhoneSimulator.Build.0 = Release|Any CPU
		{4DC3AFB2-4A6D-4040-824E-089259143FCF}.Release|iPhoneSimulator.Deploy.0 = Release|Any CPU
		{4DC3AFB2-4A6D-4040-824E-089259143FCF}.Release|x64.ActiveCfg = Release|Any CPU
		{4DC3AFB2-4A6D-4040-824E-089259143FCF}.Release|x64.Build.0 = Release|Any CPU
		{4DC3AFB2-4A6D-4040-824E-089259143FCF}.Release|x64.Deploy.0 = Release|Any CPU
		{4DC3AFB2-4A6D-4040-824E-089259143FCF}.Release|x86.ActiveCfg = Release|Any CPU
		{4DC3AFB2-4A6D-4040-824E-089259143FCF}.Release|x86.Build.0 = Release|Any CPU
		{4DC3AFB2-4A6D-4040-824E-089259143FCF}.Release|x86.Deploy.0 = Release|Any CPU
		{DD410443-1326-4FC7-8853-0383FAC246C2}.Ad-Hoc|Any CPU.ActiveCfg = Ad-Hoc|iPhone
		{DD410443-1326-4FC7-8853-0383FAC246C2}.Ad-Hoc|ARM.ActiveCfg = Ad-Hoc|iPhone
		{DD410443-1326-4FC7-8853-0383FAC246C2}.Ad-Hoc|iPhone.ActiveCfg = Ad-Hoc|iPhone
		{DD410443-1326-4FC7-8853-0383FAC246C2}.Ad-Hoc|iPhone.Build.0 = Ad-Hoc|iPhone
		{DD410443-1326-4FC7-8853-0383FAC246C2}.Ad-Hoc|iPhoneSimulator.ActiveCfg = Ad-Hoc|iPhoneSimulator
		{DD410443-1326-4FC7-8853-0383FAC246C2}.Ad-Hoc|iPhoneSimulator.Build.0 = Ad-Hoc|iPhoneSimulator
		{DD410443-1326-4FC7-8853-0383FAC246C2}.Ad-Hoc|x64.ActiveCfg = Ad-Hoc|iPhone
		{DD410443-1326-4FC7-8853-0383FAC246C2}.Ad-Hoc|x86.ActiveCfg = Ad-Hoc|iPhone
		{DD410443-1326-4FC7-8853-0383FAC246C2}.AppStore|Any CPU.ActiveCfg = AppStore|iPhone
		{DD410443-1326-4FC7-8853-0383FAC246C2}.AppStore|ARM.ActiveCfg = AppStore|iPhone
		{DD410443-1326-4FC7-8853-0383FAC246C2}.AppStore|iPhone.ActiveCfg = AppStore|iPhone
		{DD410443-1326-4FC7-8853-0383FAC246C2}.AppStore|iPhone.Build.0 = AppStore|iPhone
		{DD410443-1326-4FC7-8853-0383FAC246C2}.AppStore|iPhoneSimulator.ActiveCfg = AppStore|iPhoneSimulator
		{DD410443-1326-4FC7-8853-0383FAC246C2}.AppStore|iPhoneSimulator.Build.0 = AppStore|iPhoneSimulator
		{DD410443-1326-4FC7-8853-0383FAC246C2}.AppStore|x64.ActiveCfg = AppStore|iPhone
		{DD410443-1326-4FC7-8853-0383FAC246C2}.AppStore|x86.ActiveCfg = AppStore|iPhone
		{DD410443-1326-4FC7-8853-0383FAC246C2}.Debug|Any CPU.ActiveCfg = Debug|iPhone
		{DD410443-1326-4FC7-8853-0383FAC246C2}.Debug|ARM.ActiveCfg = Debug|iPhone
		{DD410443-1326-4FC7-8853-0383FAC246C2}.Debug|iPhone.ActiveCfg = Debug|iPhone
		{DD410443-1326-4FC7-8853-0383FAC246C2}.Debug|iPhone.Build.0 = Debug|iPhone
		{DD410443-1326-4FC7-8853-0383FAC246C2}.Debug|iPhoneSimulator.ActiveCfg = Debug|iPhoneSimulator
		{DD410443-1326-4FC7-8853-0383FAC246C2}.Debug|iPhoneSimulator.Build.0 = Debug|iPhoneSimulator
		{DD410443-1326-4FC7-8853-0383FAC246C2}.Debug|x64.ActiveCfg = Debug|iPhone
		{DD410443-1326-4FC7-8853-0383FAC246C2}.Debug|x86.ActiveCfg = Debug|iPhone
		{DD410443-1326-4FC7-8853-0383FAC246C2}.Release|Any CPU.ActiveCfg = Release|iPhone
		{DD410443-1326-4FC7-8853-0383FAC246C2}.Release|ARM.ActiveCfg = Release|iPhone
		{DD410443-1326-4FC7-8853-0383FAC246C2}.Release|iPhone.ActiveCfg = Release|iPhone
		{DD410443-1326-4FC7-8853-0383FAC246C2}.Release|iPhone.Build.0 = Release|iPhone
		{DD410443-1326-4FC7-8853-0383FAC246C2}.Release|iPhoneSimulator.ActiveCfg = Release|iPhoneSimulator
		{DD410443-1326-4FC7-8853-0383FAC246C2}.Release|iPhoneSimulator.Build.0 = Release|iPhoneSimulator
		{DD410443-1326-4FC7-8853-0383FAC246C2}.Release|x64.ActiveCfg = Release|iPhone
		{DD410443-1326-4FC7-8853-0383FAC246C2}.Release|x86.ActiveCfg = Release|iPhone
		{F30598EB-49E1-4DB4-AA6A-15C142B79EC2}.Ad-Hoc|Any CPU.ActiveCfg = Release|x86
		{F30598EB-49E1-4DB4-AA6A-15C142B79EC2}.Ad-Hoc|Any CPU.Build.0 = Release|x86
		{F30598EB-49E1-4DB4-AA6A-15C142B79EC2}.Ad-Hoc|Any CPU.Deploy.0 = Release|x86
		{F30598EB-49E1-4DB4-AA6A-15C142B79EC2}.Ad-Hoc|ARM.ActiveCfg = Release|ARM
		{F30598EB-49E1-4DB4-AA6A-15C142B79EC2}.Ad-Hoc|ARM.Build.0 = Release|ARM
		{F30598EB-49E1-4DB4-AA6A-15C142B79EC2}.Ad-Hoc|ARM.Deploy.0 = Release|ARM
		{F30598EB-49E1-4DB4-AA6A-15C142B79EC2}.Ad-Hoc|iPhone.ActiveCfg = Release|x86
		{F30598EB-49E1-4DB4-AA6A-15C142B79EC2}.Ad-Hoc|iPhone.Build.0 = Release|x86
		{F30598EB-49E1-4DB4-AA6A-15C142B79EC2}.Ad-Hoc|iPhone.Deploy.0 = Release|x86
		{F30598EB-49E1-4DB4-AA6A-15C142B79EC2}.Ad-Hoc|iPhoneSimulator.ActiveCfg = Release|x86
		{F30598EB-49E1-4DB4-AA6A-15C142B79EC2}.Ad-Hoc|iPhoneSimulator.Build.0 = Release|x86
		{F30598EB-49E1-4DB4-AA6A-15C142B79EC2}.Ad-Hoc|iPhoneSimulator.Deploy.0 = Release|x86
		{F30598EB-49E1-4DB4-AA6A-15C142B79EC2}.Ad-Hoc|x64.ActiveCfg = Release|x64
		{F30598EB-49E1-4DB4-AA6A-15C142B79EC2}.Ad-Hoc|x64.Build.0 = Release|x64
		{F30598EB-49E1-4DB4-AA6A-15C142B79EC2}.Ad-Hoc|x64.Deploy.0 = Release|x64
		{F30598EB-49E1-4DB4-AA6A-15C142B79EC2}.Ad-Hoc|x86.ActiveCfg = Release|x86
		{F30598EB-49E1-4DB4-AA6A-15C142B79EC2}.Ad-Hoc|x86.Build.0 = Release|x86
		{F30598EB-49E1-4DB4-AA6A-15C142B79EC2}.Ad-Hoc|x86.Deploy.0 = Release|x86
		{F30598EB-49E1-4DB4-AA6A-15C142B79EC2}.AppStore|Any CPU.ActiveCfg = Release|x86
		{F30598EB-49E1-4DB4-AA6A-15C142B79EC2}.AppStore|Any CPU.Build.0 = Release|x86
		{F30598EB-49E1-4DB4-AA6A-15C142B79EC2}.AppStore|Any CPU.Deploy.0 = Release|x86
		{F30598EB-49E1-4DB4-AA6A-15C142B79EC2}.AppStore|ARM.ActiveCfg = Release|ARM
		{F30598EB-49E1-4DB4-AA6A-15C142B79EC2}.AppStore|ARM.Build.0 = Release|ARM
		{F30598EB-49E1-4DB4-AA6A-15C142B79EC2}.AppStore|ARM.Deploy.0 = Release|ARM
		{F30598EB-49E1-4DB4-AA6A-15C142B79EC2}.AppStore|iPhone.ActiveCfg = Release|x86
		{F30598EB-49E1-4DB4-AA6A-15C142B79EC2}.AppStore|iPhone.Build.0 = Release|x86
		{F30598EB-49E1-4DB4-AA6A-15C142B79EC2}.AppStore|iPhone.Deploy.0 = Release|x86
		{F30598EB-49E1-4DB4-AA6A-15C142B79EC2}.AppStore|iPhoneSimulator.ActiveCfg = Release|x86
		{F30598EB-49E1-4DB4-AA6A-15C142B79EC2}.AppStore|iPhoneSimulator.Build.0 = Release|x86
		{F30598EB-49E1-4DB4-AA6A-15C142B79EC2}.AppStore|iPhoneSimulator.Deploy.0 = Release|x86
		{F30598EB-49E1-4DB4-AA6A-15C142B79EC2}.AppStore|x64.ActiveCfg = Release|x64
		{F30598EB-49E1-4DB4-AA6A-15C142B79EC2}.AppStore|x64.Build.0 = Release|x64
		{F30598EB-49E1-4DB4-AA6A-15C142B79EC2}.AppStore|x64.Deploy.0 = Release|x64
		{F30598EB-49E1-4DB4-AA6A-15C142B79EC2}.AppStore|x86.ActiveCfg = Release|x86
		{F30598EB-49E1-4DB4-AA6A-15C142B79EC2}.AppStore|x86.Build.0 = Release|x86
		{F30598EB-49E1-4DB4-AA6A-15C142B79EC2}.AppStore|x86.Deploy.0 = Release|x86
		{F30598EB-49E1-4DB4-AA6A-15C142B79EC2}.Debug|Any CPU.ActiveCfg = Debug|x86
		{F30598EB-49E1-4DB4-AA6A-15C142B79EC2}.Debug|ARM.ActiveCfg = Debug|ARM
		{F30598EB-49E1-4DB4-AA6A-15C142B79EC2}.Debug|ARM.Build.0 = Debug|ARM
		{F30598EB-49E1-4DB4-AA6A-15C142B79EC2}.Debug|ARM.Deploy.0 = Debug|ARM
		{F30598EB-49E1-4DB4-AA6A-15C142B79EC2}.Debug|iPhone.ActiveCfg = Debug|x86
		{F30598EB-49E1-4DB4-AA6A-15C142B79EC2}.Debug|iPhoneSimulator.ActiveCfg = Debug|x86
		{F30598EB-49E1-4DB4-AA6A-15C142B79EC2}.Debug|x64.ActiveCfg = Debug|x64
		{F30598EB-49E1-4DB4-AA6A-15C142B79EC2}.Debug|x64.Build.0 = Debug|x64
		{F30598EB-49E1-4DB4-AA6A-15C142B79EC2}.Debug|x64.Deploy.0 = Debug|x64
		{F30598EB-49E1-4DB4-AA6A-15C142B79EC2}.Debug|x86.ActiveCfg = Debug|x86
		{F30598EB-49E1-4DB4-AA6A-15C142B79EC2}.Debug|x86.Build.0 = Debug|x86
		{F30598EB-49E1-4DB4-AA6A-15C142B79EC2}.Debug|x86.Deploy.0 = Debug|x86
		{F30598EB-49E1-4DB4-AA6A-15C142B79EC2}.Release|Any CPU.ActiveCfg = Release|x86
		{F30598EB-49E1-4DB4-AA6A-15C142B79EC2}.Release|ARM.ActiveCfg = Release|ARM
		{F30598EB-49E1-4DB4-AA6A-15C142B79EC2}.Release|ARM.Build.0 = Release|ARM
		{F30598EB-49E1-4DB4-AA6A-15C142B79EC2}.Release|ARM.Deploy.0 = Release|ARM
		{F30598EB-49E1-4DB4-AA6A-15C142B79EC2}.Release|iPhone.ActiveCfg = Release|x86
		{F30598EB-49E1-4DB4-AA6A-15C142B79EC2}.Release|iPhoneSimulator.ActiveCfg = Release|x86
		{F30598EB-49E1-4DB4-AA6A-15C142B79EC2}.Release|x64.ActiveCfg = Release|x64
		{F30598EB-49E1-4DB4-AA6A-15C142B79EC2}.Release|x64.Build.0 = Release|x64
		{F30598EB-49E1-4DB4-AA6A-15C142B79EC2}.Release|x64.Deploy.0 = Release|x64
		{F30598EB-49E1-4DB4-AA6A-15C142B79EC2}.Release|x86.ActiveCfg = Release|x86
		{F30598EB-49E1-4DB4-AA6A-15C142B79EC2}.Release|x86.Build.0 = Release|x86
		{F30598EB-49E1-4DB4-AA6A-15C142B79EC2}.Release|x86.Deploy.0 = Release|x86
		{CB453552-8607-4BF4-A8F7-B8626D755912}.Ad-Hoc|Any CPU.ActiveCfg = Debug|Any CPU
		{CB453552-8607-4BF4-A8F7-B8626D755912}.Ad-Hoc|Any CPU.Build.0 = Debug|Any CPU
		{CB453552-8607-4BF4-A8F7-B8626D755912}.Ad-Hoc|ARM.ActiveCfg = Debug|Any CPU
		{CB453552-8607-4BF4-A8F7-B8626D755912}.Ad-Hoc|ARM.Build.0 = Debug|Any CPU
		{CB453552-8607-4BF4-A8F7-B8626D755912}.Ad-Hoc|iPhone.ActiveCfg = Debug|Any CPU
		{CB453552-8607-4BF4-A8F7-B8626D755912}.Ad-Hoc|iPhone.Build.0 = Debug|Any CPU
		{CB453552-8607-4BF4-A8F7-B8626D755912}.Ad-Hoc|iPhoneSimulator.ActiveCfg = Debug|Any CPU
		{CB453552-8607-4BF4-A8F7-B8626D755912}.Ad-Hoc|iPhoneSimulator.Build.0 = Debug|Any CPU
		{CB453552-8607-4BF4-A8F7-B8626D755912}.Ad-Hoc|x64.ActiveCfg = Debug|Any CPU
		{CB453552-8607-4BF4-A8F7-B8626D755912}.Ad-Hoc|x64.Build.0 = Debug|Any CPU
		{CB453552-8607-4BF4-A8F7-B8626D755912}.Ad-Hoc|x86.ActiveCfg = Debug|Any CPU
		{CB453552-8607-4BF4-A8F7-B8626D755912}.Ad-Hoc|x86.Build.0 = Debug|Any CPU
		{CB453552-8607-4BF4-A8F7-B8626D755912}.AppStore|Any CPU.ActiveCfg = Debug|Any CPU
		{CB453552-8607-4BF4-A8F7-B8626D755912}.AppStore|Any CPU.Build.0 = Debug|Any CPU
		{CB453552-8607-4BF4-A8F7-B8626D755912}.AppStore|ARM.ActiveCfg = Debug|Any CPU
		{CB453552-8607-4BF4-A8F7-B8626D755912}.AppStore|ARM.Build.0 = Debug|Any CPU
		{CB453552-8607-4BF4-A8F7-B8626D755912}.AppStore|iPhone.ActiveCfg = Debug|Any CPU
		{CB453552-8607-4BF4-A8F7-B8626D755912}.AppStore|iPhone.Build.0 = Debug|Any CPU
		{CB453552-8607-4BF4-A8F7-B8626D755912}.AppStore|iPhoneSimulator.ActiveCfg = Debug|Any CPU
		{CB453552-8607-4BF4-A8F7-B8626D755912}.AppStore|iPhoneSimulator.Build.0 = Debug|Any CPU
		{CB453552-8607-4BF4-A8F7-B8626D755912}.AppStore|x64.ActiveCfg = Debug|Any CPU
		{CB453552-8607-4BF4-A8F7-B8626D755912}.AppStore|x64.Build.0 = Debug|Any CPU
		{CB453552-8607-4BF4-A8F7-B8626D755912}.AppStore|x86.ActiveCfg = Debug|Any CPU
		{CB453552-8607-4BF4-A8F7-B8626D755912}.AppStore|x86.Build.0 = Debug|Any CPU
		{CB453552-8607-4BF4-A8F7-B8626D755912}.Debug|Any CPU.ActiveCfg = Debug|Any CPU
		{CB453552-8607-4BF4-A8F7-B8626D755912}.Debug|Any CPU.Build.0 = Debug|Any CPU
		{CB453552-8607-4BF4-A8F7-B8626D755912}.Debug|ARM.ActiveCfg = Debug|Any CPU
		{CB453552-8607-4BF4-A8F7-B8626D755912}.Debug|ARM.Build.0 = Debug|Any CPU
		{CB453552-8607-4BF4-A8F7-B8626D755912}.Debug|iPhone.ActiveCfg = Debug|Any CPU
		{CB453552-8607-4BF4-A8F7-B8626D755912}.Debug|iPhone.Build.0 = Debug|Any CPU
		{CB453552-8607-4BF4-A8F7-B8626D755912}.Debug|iPhoneSimulator.ActiveCfg = Debug|Any CPU
		{CB453552-8607-4BF4-A8F7-B8626D755912}.Debug|iPhoneSimulator.Build.0 = Debug|Any CPU
		{CB453552-8607-4BF4-A8F7-B8626D755912}.Debug|x64.ActiveCfg = Debug|Any CPU
		{CB453552-8607-4BF4-A8F7-B8626D755912}.Debug|x64.Build.0 = Debug|Any CPU
		{CB453552-8607-4BF4-A8F7-B8626D755912}.Debug|x86.ActiveCfg = Debug|Any CPU
		{CB453552-8607-4BF4-A8F7-B8626D755912}.Debug|x86.Build.0 = Debug|Any CPU
		{CB453552-8607-4BF4-A8F7-B8626D755912}.Release|Any CPU.ActiveCfg = Release|Any CPU
		{CB453552-8607-4BF4-A8F7-B8626D755912}.Release|Any CPU.Build.0 = Release|Any CPU
		{CB453552-8607-4BF4-A8F7-B8626D755912}.Release|ARM.ActiveCfg = Release|Any CPU
		{CB453552-8607-4BF4-A8F7-B8626D755912}.Release|ARM.Build.0 = Release|Any CPU
		{CB453552-8607-4BF4-A8F7-B8626D755912}.Release|iPhone.ActiveCfg = Release|Any CPU
		{CB453552-8607-4BF4-A8F7-B8626D755912}.Release|iPhone.Build.0 = Release|Any CPU
		{CB453552-8607-4BF4-A8F7-B8626D755912}.Release|iPhoneSimulator.ActiveCfg = Release|Any CPU
		{CB453552-8607-4BF4-A8F7-B8626D755912}.Release|iPhoneSimulator.Build.0 = Release|Any CPU
		{CB453552-8607-4BF4-A8F7-B8626D755912}.Release|x64.ActiveCfg = Release|Any CPU
		{CB453552-8607-4BF4-A8F7-B8626D755912}.Release|x64.Build.0 = Release|Any CPU
		{CB453552-8607-4BF4-A8F7-B8626D755912}.Release|x86.ActiveCfg = Release|Any CPU
		{CB453552-8607-4BF4-A8F7-B8626D755912}.Release|x86.Build.0 = Release|Any CPU
		{82CCF63B-BA22-4F8E-ABD1-8D16ED670A3F}.Ad-Hoc|Any CPU.ActiveCfg = Debug|Any CPU
		{82CCF63B-BA22-4F8E-ABD1-8D16ED670A3F}.Ad-Hoc|Any CPU.Build.0 = Debug|Any CPU
		{82CCF63B-BA22-4F8E-ABD1-8D16ED670A3F}.Ad-Hoc|ARM.ActiveCfg = Debug|Any CPU
		{82CCF63B-BA22-4F8E-ABD1-8D16ED670A3F}.Ad-Hoc|ARM.Build.0 = Debug|Any CPU
		{82CCF63B-BA22-4F8E-ABD1-8D16ED670A3F}.Ad-Hoc|iPhone.ActiveCfg = Debug|Any CPU
		{82CCF63B-BA22-4F8E-ABD1-8D16ED670A3F}.Ad-Hoc|iPhone.Build.0 = Debug|Any CPU
		{82CCF63B-BA22-4F8E-ABD1-8D16ED670A3F}.Ad-Hoc|iPhoneSimulator.ActiveCfg = Debug|Any CPU
		{82CCF63B-BA22-4F8E-ABD1-8D16ED670A3F}.Ad-Hoc|iPhoneSimulator.Build.0 = Debug|Any CPU
		{82CCF63B-BA22-4F8E-ABD1-8D16ED670A3F}.Ad-Hoc|x64.ActiveCfg = Debug|Any CPU
		{82CCF63B-BA22-4F8E-ABD1-8D16ED670A3F}.Ad-Hoc|x64.Build.0 = Debug|Any CPU
		{82CCF63B-BA22-4F8E-ABD1-8D16ED670A3F}.Ad-Hoc|x86.ActiveCfg = Debug|Any CPU
		{82CCF63B-BA22-4F8E-ABD1-8D16ED670A3F}.Ad-Hoc|x86.Build.0 = Debug|Any CPU
		{82CCF63B-BA22-4F8E-ABD1-8D16ED670A3F}.AppStore|Any CPU.ActiveCfg = Debug|Any CPU
		{82CCF63B-BA22-4F8E-ABD1-8D16ED670A3F}.AppStore|Any CPU.Build.0 = Debug|Any CPU
		{82CCF63B-BA22-4F8E-ABD1-8D16ED670A3F}.AppStore|ARM.ActiveCfg = Debug|Any CPU
		{82CCF63B-BA22-4F8E-ABD1-8D16ED670A3F}.AppStore|ARM.Build.0 = Debug|Any CPU
		{82CCF63B-BA22-4F8E-ABD1-8D16ED670A3F}.AppStore|iPhone.ActiveCfg = Debug|Any CPU
		{82CCF63B-BA22-4F8E-ABD1-8D16ED670A3F}.AppStore|iPhone.Build.0 = Debug|Any CPU
		{82CCF63B-BA22-4F8E-ABD1-8D16ED670A3F}.AppStore|iPhoneSimulator.ActiveCfg = Debug|Any CPU
		{82CCF63B-BA22-4F8E-ABD1-8D16ED670A3F}.AppStore|iPhoneSimulator.Build.0 = Debug|Any CPU
		{82CCF63B-BA22-4F8E-ABD1-8D16ED670A3F}.AppStore|x64.ActiveCfg = Debug|Any CPU
		{82CCF63B-BA22-4F8E-ABD1-8D16ED670A3F}.AppStore|x64.Build.0 = Debug|Any CPU
		{82CCF63B-BA22-4F8E-ABD1-8D16ED670A3F}.AppStore|x86.ActiveCfg = Debug|Any CPU
		{82CCF63B-BA22-4F8E-ABD1-8D16ED670A3F}.AppStore|x86.Build.0 = Debug|Any CPU
		{82CCF63B-BA22-4F8E-ABD1-8D16ED670A3F}.Debug|Any CPU.ActiveCfg = Debug|Any CPU
		{82CCF63B-BA22-4F8E-ABD1-8D16ED670A3F}.Debug|Any CPU.Build.0 = Debug|Any CPU
		{82CCF63B-BA22-4F8E-ABD1-8D16ED670A3F}.Debug|ARM.ActiveCfg = Debug|Any CPU
		{82CCF63B-BA22-4F8E-ABD1-8D16ED670A3F}.Debug|ARM.Build.0 = Debug|Any CPU
		{82CCF63B-BA22-4F8E-ABD1-8D16ED670A3F}.Debug|iPhone.ActiveCfg = Debug|Any CPU
		{82CCF63B-BA22-4F8E-ABD1-8D16ED670A3F}.Debug|iPhone.Build.0 = Debug|Any CPU
		{82CCF63B-BA22-4F8E-ABD1-8D16ED670A3F}.Debug|iPhoneSimulator.ActiveCfg = Debug|Any CPU
		{82CCF63B-BA22-4F8E-ABD1-8D16ED670A3F}.Debug|iPhoneSimulator.Build.0 = Debug|Any CPU
		{82CCF63B-BA22-4F8E-ABD1-8D16ED670A3F}.Debug|x64.ActiveCfg = Debug|Any CPU
		{82CCF63B-BA22-4F8E-ABD1-8D16ED670A3F}.Debug|x64.Build.0 = Debug|Any CPU
		{82CCF63B-BA22-4F8E-ABD1-8D16ED670A3F}.Debug|x86.ActiveCfg = Debug|Any CPU
		{82CCF63B-BA22-4F8E-ABD1-8D16ED670A3F}.Debug|x86.Build.0 = Debug|Any CPU
		{82CCF63B-BA22-4F8E-ABD1-8D16ED670A3F}.Release|Any CPU.ActiveCfg = Release|Any CPU
		{82CCF63B-BA22-4F8E-ABD1-8D16ED670A3F}.Release|Any CPU.Build.0 = Release|Any CPU
		{82CCF63B-BA22-4F8E-ABD1-8D16ED670A3F}.Release|ARM.ActiveCfg = Release|Any CPU
		{82CCF63B-BA22-4F8E-ABD1-8D16ED670A3F}.Release|ARM.Build.0 = Release|Any CPU
		{82CCF63B-BA22-4F8E-ABD1-8D16ED670A3F}.Release|iPhone.ActiveCfg = Release|Any CPU
		{82CCF63B-BA22-4F8E-ABD1-8D16ED670A3F}.Release|iPhone.Build.0 = Release|Any CPU
		{82CCF63B-BA22-4F8E-ABD1-8D16ED670A3F}.Release|iPhoneSimulator.ActiveCfg = Release|Any CPU
		{82CCF63B-BA22-4F8E-ABD1-8D16ED670A3F}.Release|iPhoneSimulator.Build.0 = Release|Any CPU
		{82CCF63B-BA22-4F8E-ABD1-8D16ED670A3F}.Release|x64.ActiveCfg = Release|Any CPU
		{82CCF63B-BA22-4F8E-ABD1-8D16ED670A3F}.Release|x64.Build.0 = Release|Any CPU
		{82CCF63B-BA22-4F8E-ABD1-8D16ED670A3F}.Release|x86.ActiveCfg = Release|Any CPU
		{82CCF63B-BA22-4F8E-ABD1-8D16ED670A3F}.Release|x86.Build.0 = Release|Any CPU
	EndGlobalSection
	GlobalSection(SolutionProperties) = preSolution
		HideSolutionNode = FALSE
	EndGlobalSection
	GlobalSection(NestedProjects) = preSolution
		{E8ED2B9D-DD59-4D7A-971C-2C859D8E8F05} = {6BCC645D-5883-489B-9ADE-7B5BDC81FE2F}
		{4DC3AFB2-4A6D-4040-824E-089259143FCF} = {B953F59E-5E83-4BEA-B948-02993E06CFA2}
		{DD410443-1326-4FC7-8853-0383FAC246C2} = {B953F59E-5E83-4BEA-B948-02993E06CFA2}
		{F30598EB-49E1-4DB4-AA6A-15C142B79EC2} = {B953F59E-5E83-4BEA-B948-02993E06CFA2}
		{CB453552-8607-4BF4-A8F7-B8626D755912} = {B953F59E-5E83-4BEA-B948-02993E06CFA2}
		{B953F59E-5E83-4BEA-B948-02993E06CFA2} = {3DF51B75-4B62-4E01-9D44-5DD8C132776E}
		{82CCF63B-BA22-4F8E-ABD1-8D16ED670A3F} = {6BCC645D-5883-489B-9ADE-7B5BDC81FE2F}
	EndGlobalSection
	GlobalSection(ExtensibilityGlobals) = postSolution
		SolutionGuid = {D2A53C9F-DA9A-4ABA-AAE0-4D0C2E870833}
	EndGlobalSection
EndGlobal
